// !$*UTF8*$!
{
	archiveVersion = 1;
	classes = {
	};
	objectVersion = 46;
	objects = {

/* Begin PBXBuildFile section */
		07B905A81E3A642B00156582 /* AppDelegate.swift in Sources */ = {isa = PBXBuildFile; fileRef = 07B905A71E3A642B00156582 /* AppDelegate.swift */; };
		07B905AA1E3A642B00156582 /* ViewController.swift in Sources */ = {isa = PBXBuildFile; fileRef = 07B905A91E3A642B00156582 /* ViewController.swift */; };
		07B905AD1E3A642B00156582 /* Main.storyboard in Resources */ = {isa = PBXBuildFile; fileRef = 07B905AB1E3A642B00156582 /* Main.storyboard */; };
		07B905AF1E3A642B00156582 /* Assets.xcassets in Resources */ = {isa = PBXBuildFile; fileRef = 07B905AE1E3A642B00156582 /* Assets.xcassets */; };
		07B905B21E3A642B00156582 /* LaunchScreen.storyboard in Resources */ = {isa = PBXBuildFile; fileRef = 07B905B01E3A642B00156582 /* LaunchScreen.storyboard */; };
		07B905BA1E3A6A4000156582 /* pokemon.csv in Resources */ = {isa = PBXBuildFile; fileRef = 07B905B91E3A6A4000156582 /* pokemon.csv */; };
		07B905C01E3A6E2B00156582 /* Pokemon.swift in Sources */ = {isa = PBXBuildFile; fileRef = 07B905BF1E3A6E2B00156582 /* Pokemon.swift */; };
		07B905C31E3E952900156582 /* PokeCell.swift in Sources */ = {isa = PBXBuildFile; fileRef = 07B905C21E3E952900156582 /* PokeCell.swift */; };
/* End PBXBuildFile section */

/* Begin PBXFileReference section */
		07B905A41E3A642B00156582 /* Pokedex.app */ = {isa = PBXFileReference; explicitFileType = wrapper.application; includeInIndex = 0; path = Pokedex.app; sourceTree = BUILT_PRODUCTS_DIR; };
		07B905A71E3A642B00156582 /* AppDelegate.swift */ = {isa = PBXFileReference; lastKnownFileType = sourcecode.swift; path = AppDelegate.swift; sourceTree = "<group>"; };
		07B905A91E3A642B00156582 /* ViewController.swift */ = {isa = PBXFileReference; lastKnownFileType = sourcecode.swift; path = ViewController.swift; sourceTree = "<group>"; };
		07B905AC1E3A642B00156582 /* Base */ = {isa = PBXFileReference; lastKnownFileType = file.storyboard; name = Base; path = Base.lproj/Main.storyboard; sourceTree = "<group>"; };
		07B905AE1E3A642B00156582 /* Assets.xcassets */ = {isa = PBXFileReference; lastKnownFileType = folder.assetcatalog; path = Assets.xcassets; sourceTree = "<group>"; };
		07B905B11E3A642B00156582 /* Base */ = {isa = PBXFileReference; lastKnownFileType = file.storyboard; name = Base; path = Base.lproj/LaunchScreen.storyboard; sourceTree = "<group>"; };
		07B905B31E3A642B00156582 /* Info.plist */ = {isa = PBXFileReference; lastKnownFileType = text.plist.xml; path = Info.plist; sourceTree = "<group>"; };
		07B905B91E3A6A4000156582 /* pokemon.csv */ = {isa = PBXFileReference; fileEncoding = 4; lastKnownFileType = text; path = pokemon.csv; sourceTree = "<group>"; };
		07B905BF1E3A6E2B00156582 /* Pokemon.swift */ = {isa = PBXFileReference; fileEncoding = 4; lastKnownFileType = sourcecode.swift; path = Pokemon.swift; sourceTree = "<group>"; };
		07B905C21E3E952900156582 /* PokeCell.swift */ = {isa = PBXFileReference; fileEncoding = 4; lastKnownFileType = sourcecode.swift; path = PokeCell.swift; sourceTree = "<group>"; };
/* End PBXFileReference section */

/* Begin PBXFrameworksBuildPhase section */
		07B905A11E3A642B00156582 /* Frameworks */ = {
			isa = PBXFrameworksBuildPhase;
			buildActionMask = 2147483647;
			files = (
			);
			runOnlyForDeploymentPostprocessing = 0;
		};
/* End PBXFrameworksBuildPhase section */

/* Begin PBXGroup section */
		07B9059B1E3A642B00156582 = {
			isa = PBXGroup;
			children = (
				07B905A61E3A642B00156582 /* Pokedex */,
				07B905A51E3A642B00156582 /* Products */,
			);
			sourceTree = "<group>";
		};
		07B905A51E3A642B00156582 /* Products */ = {
			isa = PBXGroup;
			children = (
				07B905A41E3A642B00156582 /* Pokedex.app */,
			);
			name = Products;
			sourceTree = "<group>";
		};
		07B905A61E3A642B00156582 /* Pokedex */ = {
			isa = PBXGroup;
			children = (
				07B905BB1E3A6DF200156582 /* Resources */,
				07B905BE1E3A6E1200156582 /* Controller */,
				07B905BD1E3A6E0B00156582 /* View */,
				07B905BC1E3A6E0400156582 /* Model */,
				07B905A71E3A642B00156582 /* AppDelegate.swift */,
				07B905A91E3A642B00156582 /* ViewController.swift */,
				07B905AB1E3A642B00156582 /* Main.storyboard */,
				07B905AE1E3A642B00156582 /* Assets.xcassets */,
				07B905B01E3A642B00156582 /* LaunchScreen.storyboard */,
				07B905B31E3A642B00156582 /* Info.plist */,
			);
			path = Pokedex;
			sourceTree = "<group>";
		};
		07B905BB1E3A6DF200156582 /* Resources */ = {
			isa = PBXGroup;
			children = (
				07B905B91E3A6A4000156582 /* pokemon.csv */,
			);
			name = Resources;
			sourceTree = "<group>";
		};
		07B905BC1E3A6E0400156582 /* Model */ = {
			isa = PBXGroup;
			children = (
				07B905BF1E3A6E2B00156582 /* Pokemon.swift */,
			);
			name = Model;
			sourceTree = "<group>";
		};
		07B905BD1E3A6E0B00156582 /* View */ = {
			isa = PBXGroup;
			children = (
				07B905C21E3E952900156582 /* PokeCell.swift */,
			);
			name = View;
			sourceTree = "<group>";
		};
		07B905BE1E3A6E1200156582 /* Controller */ = {
			isa = PBXGroup;
			children = (
			);
			name = Controller;
			sourceTree = "<group>";
		};
/* End PBXGroup section */

/* Begin PBXNativeTarget section */
		07B905A31E3A642B00156582 /* Pokedex */ = {
			isa = PBXNativeTarget;
			buildConfigurationList = 07B905B61E3A642B00156582 /* Build configuration list for PBXNativeTarget "Pokedex" */;
			buildPhases = (
				07B905A01E3A642B00156582 /* Sources */,
				07B905A11E3A642B00156582 /* Frameworks */,
				07B905A21E3A642B00156582 /* Resources */,
			);
			buildRules = (
			);
			dependencies = (
			);
			name = Pokedex;
			productName = Pokedex;
			productReference = 07B905A41E3A642B00156582 /* Pokedex.app */;
			productType = "com.apple.product-type.application";
		};
/* End PBXNativeTarget section */

/* Begin PBXProject section */
		07B9059C1E3A642B00156582 /* Project object */ = {
			isa = PBXProject;
			attributes = {
				LastSwiftUpdateCheck = 0820;
				LastUpgradeCheck = 0820;
				ORGANIZATIONNAME = "Carlos A. King";
				TargetAttributes = {
					07B905A31E3A642B00156582 = {
						CreatedOnToolsVersion = 8.2.1;
						DevelopmentTeam = TPRZ8PEQMQ;
						ProvisioningStyle = Automatic;
					};
				};
			};
			buildConfigurationList = 07B9059F1E3A642B00156582 /* Build configuration list for PBXProject "Pokedex" */;
			compatibilityVersion = "Xcode 3.2";
			developmentRegion = English;
			hasScannedForEncodings = 0;
			knownRegions = (
				en,
				Base,
			);
			mainGroup = 07B9059B1E3A642B00156582;
			productRefGroup = 07B905A51E3A642B00156582 /* Products */;
			projectDirPath = "";
			projectRoot = "";
			targets = (
				07B905A31E3A642B00156582 /* Pokedex */,
			);
		};
/* End PBXProject section */

/* Begin PBXResourcesBuildPhase section */
		07B905A21E3A642B00156582 /* Resources */ = {
			isa = PBXResourcesBuildPhase;
			buildActionMask = 2147483647;
			files = (
				07B905B21E3A642B00156582 /* LaunchScreen.storyboard in Resources */,
				07B905AF1E3A642B00156582 /* Assets.xcassets in Resources */,
				07B905BA1E3A6A4000156582 /* pokemon.csv in Resources */,
				07B905AD1E3A642B00156582 /* Main.storyboard in Resources */,
			);
			runOnlyForDeploymentPostprocessing = 0;
		};
/* End PBXResourcesBuildPhase section */

/* Begin PBXSourcesBuildPhase section */
		07B905A01E3A642B00156582 /* Sources */ = {
			isa = PBXSourcesBuildPhase;
			buildActionMask = 2147483647;
			files = (
				07B905C31E3E952900156582 /* PokeCell.swift in Sources */,
				07B905AA1E3A642B00156582 /* ViewController.swift in Sources */,
				07B905A81E3A642B00156582 /* AppDelegate.swift in Sources */,
				07B905C01E3A6E2B00156582 /* Pokemon.swift in Sources */,
			);
			runOnlyForDeploymentPostprocessing = 0;
		};
/* End PBXSourcesBuildPhase section */

/* Begin PBXVariantGroup section */
		07B905AB1E3A642B00156582 /* Main.storyboard */ = {
			isa = PBXVariantGroup;
			children = (
				07B905AC1E3A642B00156582 /* Base */,
			);
			name = Main.storyboard;
			sourceTree = "<group>";
		};
		07B905B01E3A642B00156582 /* LaunchScreen.storyboard */ = {
			isa = PBXVariantGroup;
			children = (
				07B905B11E3A642B00156582 /* Base */,
			);
			name = LaunchScreen.storyboard;
			sourceTree = "<group>";
		};
/* End PBXVariantGroup section */

/* Begin XCBuildConfiguration section */
		07B905B41E3A642B00156582 /* Debug */ = {
			isa = XCBuildConfiguration;
			buildSettings = {
				ALWAYS_SEARCH_USER_PATHS = NO;
				CLANG_ANALYZER_NONNULL = YES;
				CLANG_CXX_LANGUAGE_STANDARD = "gnu++0x";
				CLANG_CXX_LIBRARY = "libc++";
				CLANG_ENABLE_MODULES = YES;
				CLANG_ENABLE_OBJC_ARC = YES;
				CLANG_WARN_BOOL_CONVERSION = YES;
				CLANG_WARN_CONSTANT_CONVERSION = YES;
				CLANG_WARN_DIRECT_OBJC_ISA_USAGE = YES_ERROR;
				CLANG_WARN_DOCUMENTATION_COMMENTS = YES;
				CLANG_WARN_EMPTY_BODY = YES;
				CLANG_WARN_ENUM_CONVERSION = YES;
				CLANG_WARN_INFINITE_RECURSION = YES;
				CLANG_WARN_INT_CONVERSION = YES;
				CLANG_WARN_OBJC_ROOT_CLASS = YES_ERROR;
				CLANG_WARN_SUSPICIOUS_MOVE = YES;
				CLANG_WARN_UNREACHABLE_CODE = YES;
				CLANG_WARN__DUPLICATE_METHOD_MATCH = YES;
				"CODE_SIGN_IDENTITY[sdk=iphoneos*]" = "iPhone Developer";
				COPY_PHASE_STRIP = NO;
				DEBUG_INFORMATION_FORMAT = dwarf;
				ENABLE_STRICT_OBJC_MSGSEND = YES;
				ENABLE_TESTABILITY = YES;
				GCC_C_LANGUAGE_STANDARD = gnu99;
				GCC_DYNAMIC_NO_PIC = NO;
				GCC_NO_COMMON_BLOCKS = YES;
				GCC_OPTIMIZATION_LEVEL = 0;
				GCC_PREPROCESSOR_DEFINITIONS = (
					"DEBUG=1",
					"$(inherited)",
				);
				GCC_WARN_64_TO_32_BIT_CONVERSION = YES;
				GCC_WARN_ABOUT_RETURN_TYPE = YES_ERROR;
				GCC_WARN_UNDECLARED_SELECTOR = YES;
				GCC_WARN_UNINITIALIZED_AUTOS = YES_AGGRESSIVE;
				GCC_WARN_UNUSED_FUNCTION = YES;
				GCC_WARN_UNUSED_VARIABLE = YES;
				IPHONEOS_DEPLOYMENT_TARGET = 10.2;
				MTL_ENABLE_DEBUG_INFO = YES;
				ONLY_ACTIVE_ARCH = YES;
				SDKROOT = iphoneos;
				SWIFT_ACTIVE_COMPILATION_CONDITIONS = DEBUG;
				SWIFT_OPTIMIZATION_LEVEL = "-Onone";
			};
			name = Debug;
		};
		07B905B51E3A642B00156582 /* Release */ = {
			isa = XCBuildConfiguration;
			buildSettings = {
				ALWAYS_SEARCH_USER_PATHS = NO;
				CLANG_ANALYZER_NONNULL = YES;
				CLANG_CXX_LANGUAGE_STANDARD = "gnu++0x";
				CLANG_CXX_LIBRARY = "libc++";
				CLANG_ENABLE_MODULES = YES;
				CLANG_ENABLE_OBJC_ARC = YES;
				CLANG_WARN_BOOL_CONVERSION = YES;
				CLANG_WARN_CONSTANT_CONVERSION = YES;
				CLANG_WARN_DIRECT_OBJC_ISA_USAGE = YES_ERROR;
				CLANG_WARN_DOCUMENTATION_COMMENTS = YES;
				CLANG_WARN_EMPTY_BODY = YES;
				CLANG_WARN_ENUM_CONVERSION = YES;
				CLANG_WARN_INFINITE_RECURSION = YES;
				CLANG_WARN_INT_CONVERSION = YES;
				CLANG_WARN_OBJC_ROOT_CLASS = YES_ERROR;
				CLANG_WARN_SUSPICIOUS_MOVE = YES;
				CLANG_WARN_UNREACHABLE_CODE = YES;
				CLANG_WARN__DUPLICATE_METHOD_MATCH = YES;
				"CODE_SIGN_IDENTITY[sdk=iphoneos*]" = "iPhone Developer";
				COPY_PHASE_STRIP = NO;
				DEBUG_INFORMATION_FORMAT = "dwarf-with-dsym";
				ENABLE_NS_ASSERTIONS = NO;
				ENABLE_STRICT_OBJC_MSGSEND = YES;
				GCC_C_LANGUAGE_STANDARD = gnu99;
				GCC_NO_COMMON_BLOCKS = YES;
				GCC_WARN_64_TO_32_BIT_CONVERSION = YES;
				GCC_WARN_ABOUT_RETURN_TYPE = YES_ERROR;
				GCC_WARN_UNDECLARED_SELECTOR = YES;
				GCC_WARN_UNINITIALIZED_AUTOS = YES_AGGRESSIVE;
				GCC_WARN_UNUSED_FUNCTION = YES;
				GCC_WARN_UNUSED_VARIABLE = YES;
				IPHONEOS_DEPLOYMENT_TARGET = 10.2;
				MTL_ENABLE_DEBUG_INFO = NO;
				SDKROOT = iphoneos;
				SWIFT_OPTIMIZATION_LEVEL = "-Owholemodule";
				VALIDATE_PRODUCT = YES;
			};
			name = Release;
		};
		07B905B71E3A642B00156582 /* Debug */ = {
			isa = XCBuildConfiguration;
			buildSettings = {
				ASSETCATALOG_COMPILER_APPICON_NAME = AppIcon;
				DEVELOPMENT_TEAM = TPRZ8PEQMQ;
				INFOPLIST_FILE = Pokedex/Info.plist;
				LD_RUNPATH_SEARCH_PATHS = "$(inherited) @executable_path/Frameworks";
				PRODUCT_BUNDLE_IDENTIFIER = com.jirehapps.Pokedex;
				PRODUCT_NAME = "$(TARGET_NAME)";
				SWIFT_VERSION = 3.0;
			};
			name = Debug;
		};
		07B905B81E3A642B00156582 /* Release */ = {
			isa = XCBuildConfiguration;
			buildSettings = {
				ASSETCATALOG_COMPILER_APPICON_NAME = AppIcon;
				DEVELOPMENT_TEAM = TPRZ8PEQMQ;
				INFOPLIST_FILE = Pokedex/Info.plist;
				LD_RUNPATH_SEARCH_PATHS = "$(inherited) @executable_path/Frameworks";
				PRODUCT_BUNDLE_IDENTIFIER = com.jirehapps.Pokedex;
				PRODUCT_NAME = "$(TARGET_NAME)";
				SWIFT_VERSION = 3.0;
			};
			name = Release;
		};
/* End XCBuildConfiguration section */

/* Begin XCConfigurationList section */
		07B9059F1E3A642B00156582 /* Build configuration list for PBXProject "Pokedex" */ = {
			isa = XCConfigurationList;
			buildConfigurations = (
				07B905B41E3A642B00156582 /* Debug */,
				07B905B51E3A642B00156582 /* Release */,
			);
			defaultConfigurationIsVisible = 0;
			defaultConfigurationName = Release;
		};
		07B905B61E3A642B00156582 /* Build configuration list for PBXNativeTarget "Pokedex" */ = {
			isa = XCConfigurationList;
			buildConfigurations = (
				07B905B71E3A642B00156582 /* Debug */,
				07B905B81E3A642B00156582 /* Release */,
			);
			defaultConfigurationIsVisible = 0;
			defaultConfigurationName = Release;
		};
/* End XCConfigurationList section */
	};
	rootObject = 07B9059C1E3A642B00156582 /* Project object */;
}
